
Microsoft Visual Studio Solution File, Format Version 12.00
# Visual Studio 15
VisualStudioVersion = 15.0.26403.0
MinimumVisualStudioVersion = 10.0.40219.1
Project("{FAE04EC0-301F-11D3-BF4B-00C04F79EFBC}") = "HR_Point", "HackerRankPoint\HR_Point.csproj", "{BC73622C-EF57-4CF5-B824-6D9F4A46E3FD}"
EndProject
Project("{FAE04EC0-301F-11D3-BF4B-00C04F79EFBC}") = "HR_BeautifulWord", "BeautifulWord\HR_BeautifulWord.csproj", "{01BC6FBD-9D7D-41C6-91F4-97F0F3325246}"
EndProject
Project("{2150E333-8FDC-42A3-9474-1A3956D46DE8}") = "HackerRank", "HackerRank", "{48821EF0-D2F0-49E9-BFB7-0789EBDEAB40}"
EndProject
Project("{FAE04EC0-301F-11D3-BF4B-00C04F79EFBC}") = "HR_AccurateSorting", "HR_AccurateSorting\HR_AccurateSorting.csproj", "{E70CBDCC-5D5E-4E31-8478-9AD92166BAB3}"
EndProject
Project("{FAE04EC0-301F-11D3-BF4B-00C04F79EFBC}") = "HR_ZeroOnesGame", "HR_ZeroOnesGame\HR_ZeroOnesGame.csproj", "{E506F741-6847-4FF7-AC3C-20BEE60271F4}"
EndProject
Project("{FAE04EC0-301F-11D3-BF4B-00C04F79EFBC}") = "InheritDomrachev", "InheritDomrachev\InheritDomrachev.csproj", "{B080B396-61B7-44F7-B497-06F1190D97AA}"
EndProject
Project("{FAE04EC0-301F-11D3-BF4B-00C04F79EFBC}") = "Triangle", "Triangle\Triangle.csproj", "{05FBDF35-DA47-45E8-9DF6-62A092EF6C09}"
EndProject
Project("{FAE04EC0-301F-11D3-BF4B-00C04F79EFBC}") = "MyBrowser_v1.0", "MyBrowser_v1.0\MyBrowser_v1.0.csproj", "{F91CE5A8-9A3E-4CD5-9047-C2B78D26D2EC}"
EndProject
Project("{FAE04EC0-301F-11D3-BF4B-00C04F79EFBC}") = "MatDesignTest", "MatDesignTest\MatDesignTest.csproj", "{577991DB-1D60-4E87-89AC-689C08D30CB9}"
EndProject
Project("{FAE04EC0-301F-11D3-BF4B-00C04F79EFBC}") = "HR_CompareTheTriplets", "HR_CompareTheTriplets\HR_CompareTheTriplets.csproj", "{B9DF33CE-0320-4620-9A48-87A97BADCFEF}"
EndProject
Project("{FAE04EC0-301F-11D3-BF4B-00C04F79EFBC}") = "HR_DiagonalDifference", "HR_DiagonalDifference\HR_DiagonalDifference.csproj", "{15100720-F5F6-4760-8CB3-292ED6C3EA9C}"
EndProject
Project("{FAE04EC0-301F-11D3-BF4B-00C04F79EFBC}") = "HR_PlusMinus", "HR_PlusMinus\HR_PlusMinus.csproj", "{70E4976E-5CB6-4C14-A41B-47B9E560E57D}"
EndProject
Project("{FAE04EC0-301F-11D3-BF4B-00C04F79EFBC}") = "HR_Staircase", "HR_Staircase\HR_Staircase.csproj", "{41CE795D-AC5A-41E0-89DD-8CE8818B4109}"
EndProject
Project("{2150E333-8FDC-42A3-9474-1A3956D46DE8}") = "Implemen+Warmup", "Implemen+Warmup", "{A38C4E73-E604-4408-96AF-747A0836D8CE}"
EndProject
Project("{2150E333-8FDC-42A3-9474-1A3956D46DE8}") = "Math", "Math", "{95CB3D60-E88B-4A55-A3DF-C5EDD7CA5542}"
EndProject
Project("{2150E333-8FDC-42A3-9474-1A3956D46DE8}") = "WeekOfCode31", "WeekOfCode31", "{8B050D62-1286-4873-B3F5-61D90FB370CC}"
EndProject
Project("{FAE04EC0-301F-11D3-BF4B-00C04F79EFBC}") = "HR_Mini-MaxSum", "Mini-MaxSum\HR_Mini-MaxSum.csproj", "{D51D6CDC-EE48-4D5F-81A0-37E5C3C257C6}"
EndProject
Project("{FAE04EC0-301F-11D3-BF4B-00C04F79EFBC}") = "MaterialBrowser", "deleteme\MaterialBrowser.csproj", "{9D5F9C11-0D50-42C5-AC5E-C797A1B65C1D}"
EndProject
Project("{FAE04EC0-301F-11D3-BF4B-00C04F79EFBC}") = "HR_TimeConversion", "HR_TimeConversion\HR_TimeConversion.csproj", "{B8E71B1F-A299-42BF-886A-8FA0362375B1}"
EndProject
Project("{FAE04EC0-301F-11D3-BF4B-00C04F79EFBC}") = "HR_BirthdayCakeCandles", "HR_BirthdayCakeCandles\HR_BirthdayCakeCandles.csproj", "{BC9052D7-C3B6-40B4-AC5C-D89C491050BA}"
EndProject
Project("{FAE04EC0-301F-11D3-BF4B-00C04F79EFBC}") = "HR_GradingStudents", "HR_GradingStudents\HR_GradingStudents.csproj", "{17EB53A8-E972-49AD-B912-F0BC17D64A38}"
EndProject
Project("{FAE04EC0-301F-11D3-BF4B-00C04F79EFBC}") = "HR_AppleAndOrange", "HR_AppleAndOrange\HR_AppleAndOrange.csproj", "{AB857849-6CFE-4EBE-9378-41882424E712}"
EndProject
Project("{FAE04EC0-301F-11D3-BF4B-00C04F79EFBC}") = "HR_Kngaroo", "HR_Kngaroo\HR_Kngaroo.csproj", "{5CA76A80-50EA-4750-96B3-388EAD7B3D28}"
EndProject
Project("{FAE04EC0-301F-11D3-BF4B-00C04F79EFBC}") = "DrunkPC", "DrunkPC\DrunkPC.csproj", "{5F80D827-19D3-429F-8057-DD3BE837A01F}"
EndProject
Project("{FAE04EC0-301F-11D3-BF4B-00C04F79EFBC}") = "HR_BreakingTheRecords", "HR_BreakingTheRecords\HR_BreakingTheRecords.csproj", "{B9CD6160-6296-484A-9DA9-B3A330383C63}"
EndProject
Project("{FAE04EC0-301F-11D3-BF4B-00C04F79EFBC}") = "HR_BdayChocolate", "HR_BdayChocolate\HR_BdayChocolate.csproj", "{EF0BF73F-6E0D-4132-90B3-481A6BC1D668}"
EndProject
Project("{FAE04EC0-301F-11D3-BF4B-00C04F79EFBC}") = "HR_DivisibleSumPairs", "HR_DivisibleSumPairs\HR_DivisibleSumPairs.csproj", "{EA1CDE07-9E9E-4CC1-9C62-80F47FA1F3D9}"
EndProject
Project("{FAE04EC0-301F-11D3-BF4B-00C04F79EFBC}") = "HR_MigratoryBirds", "HR_MigratoryBirds\HR_MigratoryBirds.csproj", "{90BEA827-0089-4EBE-AB36-A8155AD3FDCF}"
EndProject
Project("{FAE04EC0-301F-11D3-BF4B-00C04F79EFBC}") = "HR_DayOfTheProgrammer", "HR_DayOfTheProgrammer\HR_DayOfTheProgrammer.csproj", "{1495A436-E785-4847-8999-D28C37136CE8}"
EndProject
Project("{FAE04EC0-301F-11D3-BF4B-00C04F79EFBC}") = "HR_BonAppetit", "HR_BonAppetit\HR_BonAppetit.csproj", "{CBE230C9-CD81-44C3-8444-6F27A7D36D2C}"
EndProject
Project("{2150E333-8FDC-42A3-9474-1A3956D46DE8}") = "Algorithms", "Algorithms", "{BDBB8ECB-6918-4C49-BDDB-35D79785BA8C}"
EndProject
Project("{2150E333-8FDC-42A3-9474-1A3956D46DE8}") = "Contests", "Contests", "{23D1BFEB-2958-4154-AD2A-7D7C144BB880}"
EndProject
Project("{2150E333-8FDC-42A3-9474-1A3956D46DE8}") = "Strings", "Strings", "{93132BA2-BD0C-4260-9A2C-02B73563D579}"
EndProject
Project("{FAE04EC0-301F-11D3-BF4B-00C04F79EFBC}") = "HR_Pangram", "HR_Pangram\HR_Pangram.csproj", "{7AD39ADB-F858-42A0-9CD9-20FBDA163057}"
EndProject
Project("{FAE04EC0-301F-11D3-BF4B-00C04F79EFBC}") = "HR_SuperReducedString", "HR_SuperReducedString\HR_SuperReducedString.csproj", "{1D36283C-2852-4E1A-A6C9-AA31ECAE17D1}"
EndProject
Project("{FAE04EC0-301F-11D3-BF4B-00C04F79EFBC}") = "HR_CamelCase", "HR_CamelCase\HR_CamelCase.csproj", "{6D0FC85F-13D9-41F4-B67D-DC43C5455666}"
EndProject
Project("{FAE04EC0-301F-11D3-BF4B-00C04F79EFBC}") = "HR_TwoCharacters", "HR_TwoCharacters\HR_TwoCharacters.csproj", "{6CB3DAC9-A13D-4172-808B-F5B85B581504}"
EndProject
Project("{FAE04EC0-301F-11D3-BF4B-00C04F79EFBC}") = "HR_CaesarCipher", "HR_CaesarCipher\HR_CaesarCipher.csproj", "{080E96D9-4331-481C-817E-A70639BE627A}"
EndProject
Project("{FAE04EC0-301F-11D3-BF4B-00C04F79EFBC}") = "HR_MarsExploration", "HR_MarsExploration\HR_MarsExploration.csproj", "{2A1DC057-F521-43A6-A2AF-5A5C649C8967}"
EndProject
Project("{FAE04EC0-301F-11D3-BF4B-00C04F79EFBC}") = "HR_HackerRankInAString", "HR_HackerRankInAString\HR_HackerRankInAString.csproj", "{52750FB2-7C48-4132-9F44-67ACF00D1D77}"
EndProject
Project("{FAE04EC0-301F-11D3-BF4B-00C04F79EFBC}") = "HR_WeightedUniformStrings", "HR_WeightedUniformStrings\HR_WeightedUniformStrings.csproj", "{5FF9D2D3-B128-4F70-B862-CF2F60EB9713}"
EndProject
Project("{FAE04EC0-301F-11D3-BF4B-00C04F79EFBC}") = "HR_FunnyStrings", "HR_FunnyStrings\HR_FunnyStrings.csproj", "{E53A8A80-18BD-4D0C-B158-9D339BDEB842}"
EndProject
Project("{2150E333-8FDC-42A3-9474-1A3956D46DE8}") = "Sorting", "Sorting", "{323E993E-B399-415B-86C6-2D5E0BDA2054}"
EndProject
Project("{FAE04EC0-301F-11D3-BF4B-00C04F79EFBC}") = "HR_BIGSorting", "HR_BIGSorting\HR_BIGSorting.csproj", "{0A77395C-8D33-48C8-8308-906562FF4A7A}"
EndProject
Project("{FAE04EC0-301F-11D3-BF4B-00C04F79EFBC}") = "HR_BigSortingV2", "HR_BigSortingV2\HR_BigSortingV2.csproj", "{2882F233-CDF7-454C-993D-D22D35093E64}"
EndProject
Project("{FAE04EC0-301F-11D3-BF4B-00C04F79EFBC}") = "HR_IntroForSorting", "HR_IntroForSorting\HR_IntroForSorting.csproj", "{EBF726E2-C8EE-4446-B109-C275533B2CED}"
EndProject
Project("{FAE04EC0-301F-11D3-BF4B-00C04F79EFBC}") = "HR_InsertionP1", "HR_InsertionP1\HR_InsertionP1.csproj", "{527E2C67-152D-429E-A060-8C5F5D8239D5}"
EndProject
Project("{2150E333-8FDC-42A3-9474-1A3956D46DE8}") = "RockieRank3", "RockieRank3", "{A6CFC581-DDD2-4370-BD22-000DB95F3873}"
EndProject
Project("{FAE04EC0-301F-11D3-BF4B-00C04F79EFBC}") = "HR_FindTheBug", "HR_FindTheBug\HR_FindTheBug.csproj", "{AB92C2BB-5F04-4482-946E-DBE0540ABFB5}"
EndProject
Project("{FAE04EC0-301F-11D3-BF4B-00C04F79EFBC}") = "HR_ComparingTimes", "HR_ComparingTimes\HR_ComparingTimes.csproj", "{ECBEC7C7-1CCC-423A-BDD1-117165F303F4}"
EndProject
Project("{FAE04EC0-301F-11D3-BF4B-00C04F79EFBC}") = "HR_MaximalTourism", "HR_MaximalTourism\HR_MaximalTourism.csproj", "{8F1CA21F-E89B-4233-986F-97F2F5EC4585}"
EndProject
Project("{FAE04EC0-301F-11D3-BF4B-00C04F79EFBC}") = "DynamicArr", "DynamicArr\DynamicArr.csproj", "{1C75FF3F-08E4-4316-96A4-3FBC5CA707F5}"
EndProject
Project("{2150E333-8FDC-42A3-9474-1A3956D46DE8}") = "WeekOfCode32", "WeekOfCode32", "{B4E4FA75-D7C2-47A7-B28D-B756D83645CA}"
EndProject
Project("{FAE04EC0-301F-11D3-BF4B-00C04F79EFBC}") = "HR_Duplication", "HR_Duplication\HR_Duplication.csproj", "{7617FE99-376B-4E23-A6C4-5092886A8B64}"
EndProject
Project("{FAE04EC0-301F-11D3-BF4B-00C04F79EFBC}") = "HR_FightTheMonsters", "HR_FightTheMonsters\HR_FightTheMonsters.csproj", "{6103E366-289C-4375-8422-4292CB580975}"
EndProject
Project("{FAE04EC0-301F-11D3-BF4B-00C04F79EFBC}") = "HR_GeometricTric", "HR_GeometricTric\HR_GeometricTric.csproj", "{CB174FB0-91F2-44F3-B8EE-CCA0B7D4A501}"
EndProject
Project("{2150E333-8FDC-42A3-9474-1A3956D46DE8}") = "30DaysOfCode", "30DaysOfCode", "{A7C27029-FE60-48D7-B60A-F4173A6F7173}"
EndProject
Project("{FAE04EC0-301F-11D3-BF4B-00C04F79EFBC}") = "HR_Day2", "HR_Day2\HR_Day2.csproj", "{43790E21-EB28-4EE0-9DAC-01DBD1BE3D04}"
EndProject
Project("{FAE04EC0-301F-11D3-BF4B-00C04F79EFBC}") = "HR_Day3", "HR_Day3\HR_Day3.csproj", "{D53D909B-D175-4046-873C-56DE5D648E9F}"
EndProject
Project("{FAE04EC0-301F-11D3-BF4B-00C04F79EFBC}") = "HR_Day4", "HR_Day4\HR_Day4.csproj", "{33DCBC2F-4D01-43AF-89CF-EAC9CB226EC2}"
EndProject
Project("{FAE04EC0-301F-11D3-BF4B-00C04F79EFBC}") = "HR_Day5", "HR_Day5\HR_Day5.csproj", "{CC429ECA-0AE2-4FAE-9EF5-9FE2BC7E0DD5}"
EndProject
Project("{FAE04EC0-301F-11D3-BF4B-00C04F79EFBC}") = "HR_Day6", "HR_Day6\HR_Day6.csproj", "{4DF78693-7F58-4AA3-AE4D-0005C007B75D}"
EndProject
Project("{FAE04EC0-301F-11D3-BF4B-00C04F79EFBC}") = "HR_Day7", "HR_Day7\HR_Day7.csproj", "{3D50F89C-EB52-427E-950A-877B780A0875}"
EndProject
Project("{FAE04EC0-301F-11D3-BF4B-00C04F79EFBC}") = "HR_Day8", "HR_Day8\HR_Day8.csproj", "{CB6C7808-D561-4632-922B-C98B49E744E7}"
EndProject
Global
	GlobalSection(SolutionConfigurationPlatforms) = preSolution
		Debug|Any CPU = Debug|Any CPU
		Release|Any CPU = Release|Any CPU
	EndGlobalSection
	GlobalSection(ProjectConfigurationPlatforms) = postSolution
		{BC73622C-EF57-4CF5-B824-6D9F4A46E3FD}.Debug|Any CPU.ActiveCfg = Debug|Any CPU
		{BC73622C-EF57-4CF5-B824-6D9F4A46E3FD}.Debug|Any CPU.Build.0 = Debug|Any CPU
		{BC73622C-EF57-4CF5-B824-6D9F4A46E3FD}.Release|Any CPU.ActiveCfg = Release|Any CPU
		{BC73622C-EF57-4CF5-B824-6D9F4A46E3FD}.Release|Any CPU.Build.0 = Release|Any CPU
		{01BC6FBD-9D7D-41C6-91F4-97F0F3325246}.Debug|Any CPU.ActiveCfg = Debug|Any CPU
		{01BC6FBD-9D7D-41C6-91F4-97F0F3325246}.Debug|Any CPU.Build.0 = Debug|Any CPU
		{01BC6FBD-9D7D-41C6-91F4-97F0F3325246}.Release|Any CPU.ActiveCfg = Release|Any CPU
		{01BC6FBD-9D7D-41C6-91F4-97F0F3325246}.Release|Any CPU.Build.0 = Release|Any CPU
		{E70CBDCC-5D5E-4E31-8478-9AD92166BAB3}.Debug|Any CPU.ActiveCfg = Debug|Any CPU
		{E70CBDCC-5D5E-4E31-8478-9AD92166BAB3}.Debug|Any CPU.Build.0 = Debug|Any CPU
		{E70CBDCC-5D5E-4E31-8478-9AD92166BAB3}.Release|Any CPU.ActiveCfg = Release|Any CPU
		{E70CBDCC-5D5E-4E31-8478-9AD92166BAB3}.Release|Any CPU.Build.0 = Release|Any CPU
		{E506F741-6847-4FF7-AC3C-20BEE60271F4}.Debug|Any CPU.ActiveCfg = Debug|Any CPU
		{E506F741-6847-4FF7-AC3C-20BEE60271F4}.Debug|Any CPU.Build.0 = Debug|Any CPU
		{E506F741-6847-4FF7-AC3C-20BEE60271F4}.Release|Any CPU.ActiveCfg = Release|Any CPU
		{E506F741-6847-4FF7-AC3C-20BEE60271F4}.Release|Any CPU.Build.0 = Release|Any CPU
		{B080B396-61B7-44F7-B497-06F1190D97AA}.Debug|Any CPU.ActiveCfg = Debug|Any CPU
		{B080B396-61B7-44F7-B497-06F1190D97AA}.Debug|Any CPU.Build.0 = Debug|Any CPU
		{B080B396-61B7-44F7-B497-06F1190D97AA}.Release|Any CPU.ActiveCfg = Release|Any CPU
		{B080B396-61B7-44F7-B497-06F1190D97AA}.Release|Any CPU.Build.0 = Release|Any CPU
		{05FBDF35-DA47-45E8-9DF6-62A092EF6C09}.Debug|Any CPU.ActiveCfg = Debug|Any CPU
		{05FBDF35-DA47-45E8-9DF6-62A092EF6C09}.Debug|Any CPU.Build.0 = Debug|Any CPU
		{05FBDF35-DA47-45E8-9DF6-62A092EF6C09}.Release|Any CPU.ActiveCfg = Release|Any CPU
		{05FBDF35-DA47-45E8-9DF6-62A092EF6C09}.Release|Any CPU.Build.0 = Release|Any CPU
		{F91CE5A8-9A3E-4CD5-9047-C2B78D26D2EC}.Debug|Any CPU.ActiveCfg = Debug|Any CPU
		{F91CE5A8-9A3E-4CD5-9047-C2B78D26D2EC}.Debug|Any CPU.Build.0 = Debug|Any CPU
		{F91CE5A8-9A3E-4CD5-9047-C2B78D26D2EC}.Release|Any CPU.ActiveCfg = Release|Any CPU
		{F91CE5A8-9A3E-4CD5-9047-C2B78D26D2EC}.Release|Any CPU.Build.0 = Release|Any CPU
		{577991DB-1D60-4E87-89AC-689C08D30CB9}.Debug|Any CPU.ActiveCfg = Debug|Any CPU
		{577991DB-1D60-4E87-89AC-689C08D30CB9}.Debug|Any CPU.Build.0 = Debug|Any CPU
		{577991DB-1D60-4E87-89AC-689C08D30CB9}.Release|Any CPU.ActiveCfg = Release|Any CPU
		{577991DB-1D60-4E87-89AC-689C08D30CB9}.Release|Any CPU.Build.0 = Release|Any CPU
		{B9DF33CE-0320-4620-9A48-87A97BADCFEF}.Debug|Any CPU.ActiveCfg = Debug|Any CPU
		{B9DF33CE-0320-4620-9A48-87A97BADCFEF}.Debug|Any CPU.Build.0 = Debug|Any CPU
		{B9DF33CE-0320-4620-9A48-87A97BADCFEF}.Release|Any CPU.ActiveCfg = Release|Any CPU
		{B9DF33CE-0320-4620-9A48-87A97BADCFEF}.Release|Any CPU.Build.0 = Release|Any CPU
		{15100720-F5F6-4760-8CB3-292ED6C3EA9C}.Debug|Any CPU.ActiveCfg = Debug|Any CPU
		{15100720-F5F6-4760-8CB3-292ED6C3EA9C}.Debug|Any CPU.Build.0 = Debug|Any CPU
		{15100720-F5F6-4760-8CB3-292ED6C3EA9C}.Release|Any CPU.ActiveCfg = Release|Any CPU
		{15100720-F5F6-4760-8CB3-292ED6C3EA9C}.Release|Any CPU.Build.0 = Release|Any CPU
		{70E4976E-5CB6-4C14-A41B-47B9E560E57D}.Debug|Any CPU.ActiveCfg = Debug|Any CPU
		{70E4976E-5CB6-4C14-A41B-47B9E560E57D}.Debug|Any CPU.Build.0 = Debug|Any CPU
		{70E4976E-5CB6-4C14-A41B-47B9E560E57D}.Release|Any CPU.ActiveCfg = Release|Any CPU
		{70E4976E-5CB6-4C14-A41B-47B9E560E57D}.Release|Any CPU.Build.0 = Release|Any CPU
		{41CE795D-AC5A-41E0-89DD-8CE8818B4109}.Debug|Any CPU.ActiveCfg = Debug|Any CPU
		{41CE795D-AC5A-41E0-89DD-8CE8818B4109}.Debug|Any CPU.Build.0 = Debug|Any CPU
		{41CE795D-AC5A-41E0-89DD-8CE8818B4109}.Release|Any CPU.ActiveCfg = Release|Any CPU
		{41CE795D-AC5A-41E0-89DD-8CE8818B4109}.Release|Any CPU.Build.0 = Release|Any CPU
		{D51D6CDC-EE48-4D5F-81A0-37E5C3C257C6}.Debug|Any CPU.ActiveCfg = Debug|Any CPU
		{D51D6CDC-EE48-4D5F-81A0-37E5C3C257C6}.Debug|Any CPU.Build.0 = Debug|Any CPU
		{D51D6CDC-EE48-4D5F-81A0-37E5C3C257C6}.Release|Any CPU.ActiveCfg = Release|Any CPU
		{D51D6CDC-EE48-4D5F-81A0-37E5C3C257C6}.Release|Any CPU.Build.0 = Release|Any CPU
		{9D5F9C11-0D50-42C5-AC5E-C797A1B65C1D}.Debug|Any CPU.ActiveCfg = Debug|Any CPU
		{9D5F9C11-0D50-42C5-AC5E-C797A1B65C1D}.Debug|Any CPU.Build.0 = Debug|Any CPU
		{9D5F9C11-0D50-42C5-AC5E-C797A1B65C1D}.Release|Any CPU.ActiveCfg = Release|Any CPU
		{9D5F9C11-0D50-42C5-AC5E-C797A1B65C1D}.Release|Any CPU.Build.0 = Release|Any CPU
		{B8E71B1F-A299-42BF-886A-8FA0362375B1}.Debug|Any CPU.ActiveCfg = Debug|Any CPU
		{B8E71B1F-A299-42BF-886A-8FA0362375B1}.Debug|Any CPU.Build.0 = Debug|Any CPU
		{B8E71B1F-A299-42BF-886A-8FA0362375B1}.Release|Any CPU.ActiveCfg = Release|Any CPU
		{B8E71B1F-A299-42BF-886A-8FA0362375B1}.Release|Any CPU.Build.0 = Release|Any CPU
		{BC9052D7-C3B6-40B4-AC5C-D89C491050BA}.Debug|Any CPU.ActiveCfg = Debug|Any CPU
		{BC9052D7-C3B6-40B4-AC5C-D89C491050BA}.Debug|Any CPU.Build.0 = Debug|Any CPU
		{BC9052D7-C3B6-40B4-AC5C-D89C491050BA}.Release|Any CPU.ActiveCfg = Release|Any CPU
		{BC9052D7-C3B6-40B4-AC5C-D89C491050BA}.Release|Any CPU.Build.0 = Release|Any CPU
		{17EB53A8-E972-49AD-B912-F0BC17D64A38}.Debug|Any CPU.ActiveCfg = Debug|Any CPU
		{17EB53A8-E972-49AD-B912-F0BC17D64A38}.Debug|Any CPU.Build.0 = Debug|Any CPU
		{17EB53A8-E972-49AD-B912-F0BC17D64A38}.Release|Any CPU.ActiveCfg = Release|Any CPU
		{17EB53A8-E972-49AD-B912-F0BC17D64A38}.Release|Any CPU.Build.0 = Release|Any CPU
		{AB857849-6CFE-4EBE-9378-41882424E712}.Debug|Any CPU.ActiveCfg = Debug|Any CPU
		{AB857849-6CFE-4EBE-9378-41882424E712}.Debug|Any CPU.Build.0 = Debug|Any CPU
		{AB857849-6CFE-4EBE-9378-41882424E712}.Release|Any CPU.ActiveCfg = Release|Any CPU
		{AB857849-6CFE-4EBE-9378-41882424E712}.Release|Any CPU.Build.0 = Release|Any CPU
		{5CA76A80-50EA-4750-96B3-388EAD7B3D28}.Debug|Any CPU.ActiveCfg = Debug|Any CPU
		{5CA76A80-50EA-4750-96B3-388EAD7B3D28}.Debug|Any CPU.Build.0 = Debug|Any CPU
		{5CA76A80-50EA-4750-96B3-388EAD7B3D28}.Release|Any CPU.ActiveCfg = Release|Any CPU
		{5CA76A80-50EA-4750-96B3-388EAD7B3D28}.Release|Any CPU.Build.0 = Release|Any CPU
		{5F80D827-19D3-429F-8057-DD3BE837A01F}.Debug|Any CPU.ActiveCfg = Debug|Any CPU
		{5F80D827-19D3-429F-8057-DD3BE837A01F}.Debug|Any CPU.Build.0 = Debug|Any CPU
		{5F80D827-19D3-429F-8057-DD3BE837A01F}.Release|Any CPU.ActiveCfg = Release|Any CPU
		{5F80D827-19D3-429F-8057-DD3BE837A01F}.Release|Any CPU.Build.0 = Release|Any CPU
		{B9CD6160-6296-484A-9DA9-B3A330383C63}.Debug|Any CPU.ActiveCfg = Debug|Any CPU
		{B9CD6160-6296-484A-9DA9-B3A330383C63}.Debug|Any CPU.Build.0 = Debug|Any CPU
		{B9CD6160-6296-484A-9DA9-B3A330383C63}.Release|Any CPU.ActiveCfg = Release|Any CPU
		{B9CD6160-6296-484A-9DA9-B3A330383C63}.Release|Any CPU.Build.0 = Release|Any CPU
		{EF0BF73F-6E0D-4132-90B3-481A6BC1D668}.Debug|Any CPU.ActiveCfg = Debug|Any CPU
		{EF0BF73F-6E0D-4132-90B3-481A6BC1D668}.Debug|Any CPU.Build.0 = Debug|Any CPU
		{EF0BF73F-6E0D-4132-90B3-481A6BC1D668}.Release|Any CPU.ActiveCfg = Release|Any CPU
		{EF0BF73F-6E0D-4132-90B3-481A6BC1D668}.Release|Any CPU.Build.0 = Release|Any CPU
		{EA1CDE07-9E9E-4CC1-9C62-80F47FA1F3D9}.Debug|Any CPU.ActiveCfg = Debug|Any CPU
		{EA1CDE07-9E9E-4CC1-9C62-80F47FA1F3D9}.Debug|Any CPU.Build.0 = Debug|Any CPU
		{EA1CDE07-9E9E-4CC1-9C62-80F47FA1F3D9}.Release|Any CPU.ActiveCfg = Release|Any CPU
		{EA1CDE07-9E9E-4CC1-9C62-80F47FA1F3D9}.Release|Any CPU.Build.0 = Release|Any CPU
		{90BEA827-0089-4EBE-AB36-A8155AD3FDCF}.Debug|Any CPU.ActiveCfg = Debug|Any CPU
		{90BEA827-0089-4EBE-AB36-A8155AD3FDCF}.Debug|Any CPU.Build.0 = Debug|Any CPU
		{90BEA827-0089-4EBE-AB36-A8155AD3FDCF}.Release|Any CPU.ActiveCfg = Release|Any CPU
		{90BEA827-0089-4EBE-AB36-A8155AD3FDCF}.Release|Any CPU.Build.0 = Release|Any CPU
		{1495A436-E785-4847-8999-D28C37136CE8}.Debug|Any CPU.ActiveCfg = Debug|Any CPU
		{1495A436-E785-4847-8999-D28C37136CE8}.Debug|Any CPU.Build.0 = Debug|Any CPU
		{1495A436-E785-4847-8999-D28C37136CE8}.Release|Any CPU.ActiveCfg = Release|Any CPU
		{1495A436-E785-4847-8999-D28C37136CE8}.Release|Any CPU.Build.0 = Release|Any CPU
		{CBE230C9-CD81-44C3-8444-6F27A7D36D2C}.Debug|Any CPU.ActiveCfg = Debug|Any CPU
		{CBE230C9-CD81-44C3-8444-6F27A7D36D2C}.Debug|Any CPU.Build.0 = Debug|Any CPU
		{CBE230C9-CD81-44C3-8444-6F27A7D36D2C}.Release|Any CPU.ActiveCfg = Release|Any CPU
		{CBE230C9-CD81-44C3-8444-6F27A7D36D2C}.Release|Any CPU.Build.0 = Release|Any CPU
		{7AD39ADB-F858-42A0-9CD9-20FBDA163057}.Debug|Any CPU.ActiveCfg = Debug|Any CPU
		{7AD39ADB-F858-42A0-9CD9-20FBDA163057}.Debug|Any CPU.Build.0 = Debug|Any CPU
		{7AD39ADB-F858-42A0-9CD9-20FBDA163057}.Release|Any CPU.ActiveCfg = Release|Any CPU
		{7AD39ADB-F858-42A0-9CD9-20FBDA163057}.Release|Any CPU.Build.0 = Release|Any CPU
		{1D36283C-2852-4E1A-A6C9-AA31ECAE17D1}.Debug|Any CPU.ActiveCfg = Debug|Any CPU
		{1D36283C-2852-4E1A-A6C9-AA31ECAE17D1}.Debug|Any CPU.Build.0 = Debug|Any CPU
		{1D36283C-2852-4E1A-A6C9-AA31ECAE17D1}.Release|Any CPU.ActiveCfg = Release|Any CPU
		{1D36283C-2852-4E1A-A6C9-AA31ECAE17D1}.Release|Any CPU.Build.0 = Release|Any CPU
		{6D0FC85F-13D9-41F4-B67D-DC43C5455666}.Debug|Any CPU.ActiveCfg = Debug|Any CPU
		{6D0FC85F-13D9-41F4-B67D-DC43C5455666}.Debug|Any CPU.Build.0 = Debug|Any CPU
		{6D0FC85F-13D9-41F4-B67D-DC43C5455666}.Release|Any CPU.ActiveCfg = Release|Any CPU
		{6D0FC85F-13D9-41F4-B67D-DC43C5455666}.Release|Any CPU.Build.0 = Release|Any CPU
		{6CB3DAC9-A13D-4172-808B-F5B85B581504}.Debug|Any CPU.ActiveCfg = Debug|Any CPU
		{6CB3DAC9-A13D-4172-808B-F5B85B581504}.Debug|Any CPU.Build.0 = Debug|Any CPU
		{6CB3DAC9-A13D-4172-808B-F5B85B581504}.Release|Any CPU.ActiveCfg = Release|Any CPU
		{6CB3DAC9-A13D-4172-808B-F5B85B581504}.Release|Any CPU.Build.0 = Release|Any CPU
		{080E96D9-4331-481C-817E-A70639BE627A}.Debug|Any CPU.ActiveCfg = Debug|Any CPU
		{080E96D9-4331-481C-817E-A70639BE627A}.Debug|Any CPU.Build.0 = Debug|Any CPU
		{080E96D9-4331-481C-817E-A70639BE627A}.Release|Any CPU.ActiveCfg = Release|Any CPU
		{080E96D9-4331-481C-817E-A70639BE627A}.Release|Any CPU.Build.0 = Release|Any CPU
		{2A1DC057-F521-43A6-A2AF-5A5C649C8967}.Debug|Any CPU.ActiveCfg = Debug|Any CPU
		{2A1DC057-F521-43A6-A2AF-5A5C649C8967}.Debug|Any CPU.Build.0 = Debug|Any CPU
		{2A1DC057-F521-43A6-A2AF-5A5C649C8967}.Release|Any CPU.ActiveCfg = Release|Any CPU
		{2A1DC057-F521-43A6-A2AF-5A5C649C8967}.Release|Any CPU.Build.0 = Release|Any CPU
		{52750FB2-7C48-4132-9F44-67ACF00D1D77}.Debug|Any CPU.ActiveCfg = Debug|Any CPU
		{52750FB2-7C48-4132-9F44-67ACF00D1D77}.Debug|Any CPU.Build.0 = Debug|Any CPU
		{52750FB2-7C48-4132-9F44-67ACF00D1D77}.Release|Any CPU.ActiveCfg = Release|Any CPU
		{52750FB2-7C48-4132-9F44-67ACF00D1D77}.Release|Any CPU.Build.0 = Release|Any CPU
		{5FF9D2D3-B128-4F70-B862-CF2F60EB9713}.Debug|Any CPU.ActiveCfg = Debug|Any CPU
		{5FF9D2D3-B128-4F70-B862-CF2F60EB9713}.Debug|Any CPU.Build.0 = Debug|Any CPU
		{5FF9D2D3-B128-4F70-B862-CF2F60EB9713}.Release|Any CPU.ActiveCfg = Release|Any CPU
		{5FF9D2D3-B128-4F70-B862-CF2F60EB9713}.Release|Any CPU.Build.0 = Release|Any CPU
		{E53A8A80-18BD-4D0C-B158-9D339BDEB842}.Debug|Any CPU.ActiveCfg = Debug|Any CPU
		{E53A8A80-18BD-4D0C-B158-9D339BDEB842}.Debug|Any CPU.Build.0 = Debug|Any CPU
		{E53A8A80-18BD-4D0C-B158-9D339BDEB842}.Release|Any CPU.ActiveCfg = Release|Any CPU
		{E53A8A80-18BD-4D0C-B158-9D339BDEB842}.Release|Any CPU.Build.0 = Release|Any CPU
		{0A77395C-8D33-48C8-8308-906562FF4A7A}.Debug|Any CPU.ActiveCfg = Debug|Any CPU
		{0A77395C-8D33-48C8-8308-906562FF4A7A}.Debug|Any CPU.Build.0 = Debug|Any CPU
		{0A77395C-8D33-48C8-8308-906562FF4A7A}.Release|Any CPU.ActiveCfg = Release|Any CPU
		{0A77395C-8D33-48C8-8308-906562FF4A7A}.Release|Any CPU.Build.0 = Release|Any CPU
		{2882F233-CDF7-454C-993D-D22D35093E64}.Debug|Any CPU.ActiveCfg = Debug|Any CPU
		{2882F233-CDF7-454C-993D-D22D35093E64}.Debug|Any CPU.Build.0 = Debug|Any CPU
		{2882F233-CDF7-454C-993D-D22D35093E64}.Release|Any CPU.ActiveCfg = Release|Any CPU
		{2882F233-CDF7-454C-993D-D22D35093E64}.Release|Any CPU.Build.0 = Release|Any CPU
		{EBF726E2-C8EE-4446-B109-C275533B2CED}.Debug|Any CPU.ActiveCfg = Debug|Any CPU
		{EBF726E2-C8EE-4446-B109-C275533B2CED}.Debug|Any CPU.Build.0 = Debug|Any CPU
		{EBF726E2-C8EE-4446-B109-C275533B2CED}.Release|Any CPU.ActiveCfg = Release|Any CPU
		{EBF726E2-C8EE-4446-B109-C275533B2CED}.Release|Any CPU.Build.0 = Release|Any CPU
		{527E2C67-152D-429E-A060-8C5F5D8239D5}.Debug|Any CPU.ActiveCfg = Debug|Any CPU
		{527E2C67-152D-429E-A060-8C5F5D8239D5}.Debug|Any CPU.Build.0 = Debug|Any CPU
		{527E2C67-152D-429E-A060-8C5F5D8239D5}.Release|Any CPU.ActiveCfg = Release|Any CPU
		{527E2C67-152D-429E-A060-8C5F5D8239D5}.Release|Any CPU.Build.0 = Release|Any CPU
		{AB92C2BB-5F04-4482-946E-DBE0540ABFB5}.Debug|Any CPU.ActiveCfg = Debug|Any CPU
		{AB92C2BB-5F04-4482-946E-DBE0540ABFB5}.Debug|Any CPU.Build.0 = Debug|Any CPU
		{AB92C2BB-5F04-4482-946E-DBE0540ABFB5}.Release|Any CPU.ActiveCfg = Release|Any CPU
		{AB92C2BB-5F04-4482-946E-DBE0540ABFB5}.Release|Any CPU.Build.0 = Release|Any CPU
		{ECBEC7C7-1CCC-423A-BDD1-117165F303F4}.Debug|Any CPU.ActiveCfg = Debug|Any CPU
		{ECBEC7C7-1CCC-423A-BDD1-117165F303F4}.Debug|Any CPU.Build.0 = Debug|Any CPU
		{ECBEC7C7-1CCC-423A-BDD1-117165F303F4}.Release|Any CPU.ActiveCfg = Release|Any CPU
		{ECBEC7C7-1CCC-423A-BDD1-117165F303F4}.Release|Any CPU.Build.0 = Release|Any CPU
		{8F1CA21F-E89B-4233-986F-97F2F5EC4585}.Debug|Any CPU.ActiveCfg = Debug|Any CPU
		{8F1CA21F-E89B-4233-986F-97F2F5EC4585}.Debug|Any CPU.Build.0 = Debug|Any CPU
		{8F1CA21F-E89B-4233-986F-97F2F5EC4585}.Release|Any CPU.ActiveCfg = Release|Any CPU
		{8F1CA21F-E89B-4233-986F-97F2F5EC4585}.Release|Any CPU.Build.0 = Release|Any CPU
		{1C75FF3F-08E4-4316-96A4-3FBC5CA707F5}.Debug|Any CPU.ActiveCfg = Debug|Any CPU
		{1C75FF3F-08E4-4316-96A4-3FBC5CA707F5}.Debug|Any CPU.Build.0 = Debug|Any CPU
		{1C75FF3F-08E4-4316-96A4-3FBC5CA707F5}.Release|Any CPU.ActiveCfg = Release|Any CPU
		{1C75FF3F-08E4-4316-96A4-3FBC5CA707F5}.Release|Any CPU.Build.0 = Release|Any CPU
		{7617FE99-376B-4E23-A6C4-5092886A8B64}.Debug|Any CPU.ActiveCfg = Debug|Any CPU
		{7617FE99-376B-4E23-A6C4-5092886A8B64}.Debug|Any CPU.Build.0 = Debug|Any CPU
		{7617FE99-376B-4E23-A6C4-5092886A8B64}.Release|Any CPU.ActiveCfg = Release|Any CPU
		{7617FE99-376B-4E23-A6C4-5092886A8B64}.Release|Any CPU.Build.0 = Release|Any CPU
		{6103E366-289C-4375-8422-4292CB580975}.Debug|Any CPU.ActiveCfg = Debug|Any CPU
		{6103E366-289C-4375-8422-4292CB580975}.Debug|Any CPU.Build.0 = Debug|Any CPU
		{6103E366-289C-4375-8422-4292CB580975}.Release|Any CPU.ActiveCfg = Release|Any CPU
		{6103E366-289C-4375-8422-4292CB580975}.Release|Any CPU.Build.0 = Release|Any CPU
		{CB174FB0-91F2-44F3-B8EE-CCA0B7D4A501}.Debug|Any CPU.ActiveCfg = Debug|Any CPU
		{CB174FB0-91F2-44F3-B8EE-CCA0B7D4A501}.Debug|Any CPU.Build.0 = Debug|Any CPU
		{CB174FB0-91F2-44F3-B8EE-CCA0B7D4A501}.Release|Any CPU.ActiveCfg = Release|Any CPU
		{CB174FB0-91F2-44F3-B8EE-CCA0B7D4A501}.Release|Any CPU.Build.0 = Release|Any CPU
		{43790E21-EB28-4EE0-9DAC-01DBD1BE3D04}.Debug|Any CPU.ActiveCfg = Debug|Any CPU
		{43790E21-EB28-4EE0-9DAC-01DBD1BE3D04}.Debug|Any CPU.Build.0 = Debug|Any CPU
		{43790E21-EB28-4EE0-9DAC-01DBD1BE3D04}.Release|Any CPU.ActiveCfg = Release|Any CPU
		{43790E21-EB28-4EE0-9DAC-01DBD1BE3D04}.Release|Any CPU.Build.0 = Release|Any CPU
		{D53D909B-D175-4046-873C-56DE5D648E9F}.Debug|Any CPU.ActiveCfg = Debug|Any CPU
		{D53D909B-D175-4046-873C-56DE5D648E9F}.Debug|Any CPU.Build.0 = Debug|Any CPU
		{D53D909B-D175-4046-873C-56DE5D648E9F}.Release|Any CPU.ActiveCfg = Release|Any CPU
		{D53D909B-D175-4046-873C-56DE5D648E9F}.Release|Any CPU.Build.0 = Release|Any CPU
		{33DCBC2F-4D01-43AF-89CF-EAC9CB226EC2}.Debug|Any CPU.ActiveCfg = Debug|Any CPU
		{33DCBC2F-4D01-43AF-89CF-EAC9CB226EC2}.Debug|Any CPU.Build.0 = Debug|Any CPU
		{33DCBC2F-4D01-43AF-89CF-EAC9CB226EC2}.Release|Any CPU.ActiveCfg = Release|Any CPU
		{33DCBC2F-4D01-43AF-89CF-EAC9CB226EC2}.Release|Any CPU.Build.0 = Release|Any CPU
		{CC429ECA-0AE2-4FAE-9EF5-9FE2BC7E0DD5}.Debug|Any CPU.ActiveCfg = Debug|Any CPU
		{CC429ECA-0AE2-4FAE-9EF5-9FE2BC7E0DD5}.Debug|Any CPU.Build.0 = Debug|Any CPU
		{CC429ECA-0AE2-4FAE-9EF5-9FE2BC7E0DD5}.Release|Any CPU.ActiveCfg = Release|Any CPU
		{CC429ECA-0AE2-4FAE-9EF5-9FE2BC7E0DD5}.Release|Any CPU.Build.0 = Release|Any CPU
		{4DF78693-7F58-4AA3-AE4D-0005C007B75D}.Debug|Any CPU.ActiveCfg = Debug|Any CPU
		{4DF78693-7F58-4AA3-AE4D-0005C007B75D}.Debug|Any CPU.Build.0 = Debug|Any CPU
		{4DF78693-7F58-4AA3-AE4D-0005C007B75D}.Release|Any CPU.ActiveCfg = Release|Any CPU
		{4DF78693-7F58-4AA3-AE4D-0005C007B75D}.Release|Any CPU.Build.0 = Release|Any CPU
		{3D50F89C-EB52-427E-950A-877B780A0875}.Debug|Any CPU.ActiveCfg = Debug|Any CPU
		{3D50F89C-EB52-427E-950A-877B780A0875}.Debug|Any CPU.Build.0 = Debug|Any CPU
		{3D50F89C-EB52-427E-950A-877B780A0875}.Release|Any CPU.ActiveCfg = Release|Any CPU
		{3D50F89C-EB52-427E-950A-877B780A0875}.Release|Any CPU.Build.0 = Release|Any CPU
		{CB6C7808-D561-4632-922B-C98B49E744E7}.Debug|Any CPU.ActiveCfg = Debug|Any CPU
		{CB6C7808-D561-4632-922B-C98B49E744E7}.Debug|Any CPU.Build.0 = Debug|Any CPU
		{CB6C7808-D561-4632-922B-C98B49E744E7}.Release|Any CPU.ActiveCfg = Release|Any CPU
		{CB6C7808-D561-4632-922B-C98B49E744E7}.Release|Any CPU.Build.0 = Release|Any CPU
	EndGlobalSection
	GlobalSection(SolutionProperties) = preSolution
		HideSolutionNode = FALSE
	EndGlobalSection
	GlobalSection(NestedProjects) = preSolution
		{BC73622C-EF57-4CF5-B824-6D9F4A46E3FD} = {95CB3D60-E88B-4A55-A3DF-C5EDD7CA5542}
		{01BC6FBD-9D7D-41C6-91F4-97F0F3325246} = {8B050D62-1286-4873-B3F5-61D90FB370CC}
		{E70CBDCC-5D5E-4E31-8478-9AD92166BAB3} = {8B050D62-1286-4873-B3F5-61D90FB370CC}
		{E506F741-6847-4FF7-AC3C-20BEE60271F4} = {8B050D62-1286-4873-B3F5-61D90FB370CC}
		{B9DF33CE-0320-4620-9A48-87A97BADCFEF} = {A38C4E73-E604-4408-96AF-747A0836D8CE}
		{15100720-F5F6-4760-8CB3-292ED6C3EA9C} = {A38C4E73-E604-4408-96AF-747A0836D8CE}
		{70E4976E-5CB6-4C14-A41B-47B9E560E57D} = {A38C4E73-E604-4408-96AF-747A0836D8CE}
		{41CE795D-AC5A-41E0-89DD-8CE8818B4109} = {A38C4E73-E604-4408-96AF-747A0836D8CE}
		{A38C4E73-E604-4408-96AF-747A0836D8CE} = {BDBB8ECB-6918-4C49-BDDB-35D79785BA8C}
		{95CB3D60-E88B-4A55-A3DF-C5EDD7CA5542} = {48821EF0-D2F0-49E9-BFB7-0789EBDEAB40}
		{8B050D62-1286-4873-B3F5-61D90FB370CC} = {23D1BFEB-2958-4154-AD2A-7D7C144BB880}
		{D51D6CDC-EE48-4D5F-81A0-37E5C3C257C6} = {A38C4E73-E604-4408-96AF-747A0836D8CE}
		{B8E71B1F-A299-42BF-886A-8FA0362375B1} = {A38C4E73-E604-4408-96AF-747A0836D8CE}
		{BC9052D7-C3B6-40B4-AC5C-D89C491050BA} = {A38C4E73-E604-4408-96AF-747A0836D8CE}
		{17EB53A8-E972-49AD-B912-F0BC17D64A38} = {A38C4E73-E604-4408-96AF-747A0836D8CE}
		{AB857849-6CFE-4EBE-9378-41882424E712} = {A38C4E73-E604-4408-96AF-747A0836D8CE}
		{5CA76A80-50EA-4750-96B3-388EAD7B3D28} = {A38C4E73-E604-4408-96AF-747A0836D8CE}
		{B9CD6160-6296-484A-9DA9-B3A330383C63} = {A38C4E73-E604-4408-96AF-747A0836D8CE}
		{EF0BF73F-6E0D-4132-90B3-481A6BC1D668} = {A38C4E73-E604-4408-96AF-747A0836D8CE}
		{EA1CDE07-9E9E-4CC1-9C62-80F47FA1F3D9} = {A38C4E73-E604-4408-96AF-747A0836D8CE}
		{90BEA827-0089-4EBE-AB36-A8155AD3FDCF} = {A38C4E73-E604-4408-96AF-747A0836D8CE}
		{1495A436-E785-4847-8999-D28C37136CE8} = {A38C4E73-E604-4408-96AF-747A0836D8CE}
		{CBE230C9-CD81-44C3-8444-6F27A7D36D2C} = {A38C4E73-E604-4408-96AF-747A0836D8CE}
		{BDBB8ECB-6918-4C49-BDDB-35D79785BA8C} = {48821EF0-D2F0-49E9-BFB7-0789EBDEAB40}
		{23D1BFEB-2958-4154-AD2A-7D7C144BB880} = {48821EF0-D2F0-49E9-BFB7-0789EBDEAB40}
		{93132BA2-BD0C-4260-9A2C-02B73563D579} = {BDBB8ECB-6918-4C49-BDDB-35D79785BA8C}
		{7AD39ADB-F858-42A0-9CD9-20FBDA163057} = {93132BA2-BD0C-4260-9A2C-02B73563D579}
		{1D36283C-2852-4E1A-A6C9-AA31ECAE17D1} = {93132BA2-BD0C-4260-9A2C-02B73563D579}
		{6D0FC85F-13D9-41F4-B67D-DC43C5455666} = {93132BA2-BD0C-4260-9A2C-02B73563D579}
		{6CB3DAC9-A13D-4172-808B-F5B85B581504} = {93132BA2-BD0C-4260-9A2C-02B73563D579}
		{080E96D9-4331-481C-817E-A70639BE627A} = {93132BA2-BD0C-4260-9A2C-02B73563D579}
		{2A1DC057-F521-43A6-A2AF-5A5C649C8967} = {93132BA2-BD0C-4260-9A2C-02B73563D579}
		{52750FB2-7C48-4132-9F44-67ACF00D1D77} = {93132BA2-BD0C-4260-9A2C-02B73563D579}
		{5FF9D2D3-B128-4F70-B862-CF2F60EB9713} = {93132BA2-BD0C-4260-9A2C-02B73563D579}
		{E53A8A80-18BD-4D0C-B158-9D339BDEB842} = {93132BA2-BD0C-4260-9A2C-02B73563D579}
		{323E993E-B399-415B-86C6-2D5E0BDA2054} = {BDBB8ECB-6918-4C49-BDDB-35D79785BA8C}
		{0A77395C-8D33-48C8-8308-906562FF4A7A} = {323E993E-B399-415B-86C6-2D5E0BDA2054}
		{2882F233-CDF7-454C-993D-D22D35093E64} = {323E993E-B399-415B-86C6-2D5E0BDA2054}
		{EBF726E2-C8EE-4446-B109-C275533B2CED} = {323E993E-B399-415B-86C6-2D5E0BDA2054}
		{527E2C67-152D-429E-A060-8C5F5D8239D5} = {323E993E-B399-415B-86C6-2D5E0BDA2054}
		{A6CFC581-DDD2-4370-BD22-000DB95F3873} = {23D1BFEB-2958-4154-AD2A-7D7C144BB880}
		{AB92C2BB-5F04-4482-946E-DBE0540ABFB5} = {A6CFC581-DDD2-4370-BD22-000DB95F3873}
		{ECBEC7C7-1CCC-423A-BDD1-117165F303F4} = {A6CFC581-DDD2-4370-BD22-000DB95F3873}
		{8F1CA21F-E89B-4233-986F-97F2F5EC4585} = {A6CFC581-DDD2-4370-BD22-000DB95F3873}
		{B4E4FA75-D7C2-47A7-B28D-B756D83645CA} = {23D1BFEB-2958-4154-AD2A-7D7C144BB880}
		{7617FE99-376B-4E23-A6C4-5092886A8B64} = {B4E4FA75-D7C2-47A7-B28D-B756D83645CA}
		{6103E366-289C-4375-8422-4292CB580975} = {B4E4FA75-D7C2-47A7-B28D-B756D83645CA}
		{CB174FB0-91F2-44F3-B8EE-CCA0B7D4A501} = {B4E4FA75-D7C2-47A7-B28D-B756D83645CA}
		{A7C27029-FE60-48D7-B60A-F4173A6F7173} = {48821EF0-D2F0-49E9-BFB7-0789EBDEAB40}
		{43790E21-EB28-4EE0-9DAC-01DBD1BE3D04} = {A7C27029-FE60-48D7-B60A-F4173A6F7173}
		{D53D909B-D175-4046-873C-56DE5D648E9F} = {A7C27029-FE60-48D7-B60A-F4173A6F7173}
		{33DCBC2F-4D01-43AF-89CF-EAC9CB226EC2} = {A7C27029-FE60-48D7-B60A-F4173A6F7173}
		{CC429ECA-0AE2-4FAE-9EF5-9FE2BC7E0DD5} = {A7C27029-FE60-48D7-B60A-F4173A6F7173}
		{4DF78693-7F58-4AA3-AE4D-0005C007B75D} = {A7C27029-FE60-48D7-B60A-F4173A6F7173}
		{3D50F89C-EB52-427E-950A-877B780A0875} = {A7C27029-FE60-48D7-B60A-F4173A6F7173}
		{CB6C7808-D561-4632-922B-C98B49E744E7} = {A7C27029-FE60-48D7-B60A-F4173A6F7173}
	EndGlobalSection
EndGlobal
